// !$*UTF8*$!
{
	archiveVersion = 1;
	classes = {
	};
	objectVersion = 56;
	objects = {

/* Begin PBXBuildFile section */
		507C3B739261B7F0B1390E35 /* Pods_mynativeiosapp.framework in Frameworks */ = {isa = PBXBuildFile; fileRef = F11BCAB8DE04E4E6B60B1A21 /* Pods_mynativeiosapp.framework */; };
		5D8EA88B2DDDE459002C1391 /* iosASAVaultSDK.xcframework in Frameworks */ = {isa = PBXBuildFile; fileRef = 5D8EA8892DDDE44E002C1391 /* iosASAVaultSDK.xcframework */; };
		5D8EA88C2DDDE459002C1391 /* iosASAVaultSDK.xcframework in Embed Frameworks */ = {isa = PBXBuildFile; fileRef = 5D8EA8892DDDE44E002C1391 /* iosASAVaultSDK.xcframework */; settings = {ATTRIBUTES = (RemoveHeadersOnCopy, ); }; };
		82833D8E2C621AC0007F26A0 /* AppDelegate.swift in Sources */ = {isa = PBXBuildFile; fileRef = 82833D8D2C621AC0007F26A0 /* AppDelegate.swift */; };
		82AB17622DA563700018939A /* GoogleService-Info.plist in Resources */ = {isa = PBXBuildFile; fileRef = 82AB17612DA563700018939A /* GoogleService-Info.plist */; };
		82AB60572C60B69D007D58AD /* mynativeiosappApp.swift in Sources */ = {isa = PBXBuildFile; fileRef = 82AB60562C60B69D007D58AD /* mynativeiosappApp.swift */; };
		82AB60592C60B69D007D58AD /* ContentView.swift in Sources */ = {isa = PBXBuildFile; fileRef = 82AB60582C60B69D007D58AD /* ContentView.swift */; };
		82AB605B2C60B69E007D58AD /* Assets.xcassets in Resources */ = {isa = PBXBuildFile; fileRef = 82AB605A2C60B69E007D58AD /* Assets.xcassets */; };
		82AB605E2C60B69E007D58AD /* Preview Assets.xcassets in Resources */ = {isa = PBXBuildFile; fileRef = 82AB605D2C60B69E007D58AD /* Preview Assets.xcassets */; };
		82AB60682C60B69E007D58AD /* mynativeiosappTests.swift in Sources */ = {isa = PBXBuildFile; fileRef = 82AB60672C60B69E007D58AD /* mynativeiosappTests.swift */; };
		82AB60722C60B69E007D58AD /* mynativeiosappUITests.swift in Sources */ = {isa = PBXBuildFile; fileRef = 82AB60712C60B69E007D58AD /* mynativeiosappUITests.swift */; };
		82AB60742C60B69E007D58AD /* mynativeiosappUITestsLaunchTests.swift in Sources */ = {isa = PBXBuildFile; fileRef = 82AB60732C60B69E007D58AD /* mynativeiosappUITestsLaunchTests.swift */; };
/* End PBXBuildFile section */

/* Begin PBXContainerItemProxy section */
		82AB60642C60B69E007D58AD /* PBXContainerItemProxy */ = {
			isa = PBXContainerItemProxy;
			containerPortal = 82AB604B2C60B69D007D58AD /* Project object */;
			proxyType = 1;
			remoteGlobalIDString = 82AB60522C60B69D007D58AD;
			remoteInfo = mynativeiosapp;
		};
		82AB606E2C60B69E007D58AD /* PBXContainerItemProxy */ = {
			isa = PBXContainerItemProxy;
			containerPortal = 82AB604B2C60B69D007D58AD /* Project object */;
			proxyType = 1;
			remoteGlobalIDString = 82AB60522C60B69D007D58AD;
			remoteInfo = mynativeiosapp;
		};
/* End PBXContainerItemProxy section */

/* Begin PBXCopyFilesBuildPhase section */
		82AB17532DA54EEB0018939A /* Embed Frameworks */ = {
			isa = PBXCopyFilesBuildPhase;
			buildActionMask = 2147483647;
			dstPath = "";
			dstSubfolderSpec = 10;
			files = (
				5D8EA88C2DDDE459002C1391 /* iosASAVaultSDK.xcframework in Embed Frameworks */,
			);
			name = "Embed Frameworks";
			runOnlyForDeploymentPostprocessing = 0;
		};
/* End PBXCopyFilesBuildPhase section */

/* Begin PBXFileReference section */
		5D8EA8892DDDE44E002C1391 /* iosASAVaultSDK.xcframework */ = {isa = PBXFileReference; lastKnownFileType = wrapper.xcframework; path = iosASAVaultSDK.xcframework; sourceTree = "<group>"; };
		5DD5FE372DA7C24E004E19CD /* mynativeiosapp.entitlements */ = {isa = PBXFileReference; lastKnownFileType = text.plist.entitlements; path = mynativeiosapp.entitlements; sourceTree = "<group>"; };
		82833D8D2C621AC0007F26A0 /* AppDelegate.swift */ = {isa = PBXFileReference; lastKnownFileType = sourcecode.swift; path = AppDelegate.swift; sourceTree = "<group>"; };
		82AB17612DA563700018939A /* GoogleService-Info.plist */ = {isa = PBXFileReference; fileEncoding = 4; lastKnownFileType = text.plist.xml; path = "GoogleService-Info.plist"; sourceTree = "<group>"; };
		82AB60532C60B69D007D58AD /* mynativeiosapp.app */ = {isa = PBXFileReference; explicitFileType = wrapper.application; includeInIndex = 0; path = mynativeiosapp.app; sourceTree = BUILT_PRODUCTS_DIR; };
		82AB60562C60B69D007D58AD /* mynativeiosappApp.swift */ = {isa = PBXFileReference; lastKnownFileType = sourcecode.swift; path = mynativeiosappApp.swift; sourceTree = "<group>"; };
		82AB60582C60B69D007D58AD /* ContentView.swift */ = {isa = PBXFileReference; lastKnownFileType = sourcecode.swift; path = ContentView.swift; sourceTree = "<group>"; };
		82AB605A2C60B69E007D58AD /* Assets.xcassets */ = {isa = PBXFileReference; lastKnownFileType = folder.assetcatalog; path = Assets.xcassets; sourceTree = "<group>"; };
		82AB605D2C60B69E007D58AD /* Preview Assets.xcassets */ = {isa = PBXFileReference; lastKnownFileType = folder.assetcatalog; path = "Preview Assets.xcassets"; sourceTree = "<group>"; };
		82AB60632C60B69E007D58AD /* mynativeiosappTests.xctest */ = {isa = PBXFileReference; explicitFileType = wrapper.cfbundle; includeInIndex = 0; path = mynativeiosappTests.xctest; sourceTree = BUILT_PRODUCTS_DIR; };
		82AB60672C60B69E007D58AD /* mynativeiosappTests.swift */ = {isa = PBXFileReference; lastKnownFileType = sourcecode.swift; path = mynativeiosappTests.swift; sourceTree = "<group>"; };
		82AB606D2C60B69E007D58AD /* mynativeiosappUITests.xctest */ = {isa = PBXFileReference; explicitFileType = wrapper.cfbundle; includeInIndex = 0; path = mynativeiosappUITests.xctest; sourceTree = BUILT_PRODUCTS_DIR; };
		82AB60712C60B69E007D58AD /* mynativeiosappUITests.swift */ = {isa = PBXFileReference; lastKnownFileType = sourcecode.swift; path = mynativeiosappUITests.swift; sourceTree = "<group>"; };
		82AB60732C60B69E007D58AD /* mynativeiosappUITestsLaunchTests.swift */ = {isa = PBXFileReference; lastKnownFileType = sourcecode.swift; path = mynativeiosappUITestsLaunchTests.swift; sourceTree = "<group>"; };
		8F8980007437821892426858 /* Pods-mynativeiosapp.release.xcconfig */ = {isa = PBXFileReference; includeInIndex = 1; lastKnownFileType = text.xcconfig; name = "Pods-mynativeiosapp.release.xcconfig"; path = "Target Support Files/Pods-mynativeiosapp/Pods-mynativeiosapp.release.xcconfig"; sourceTree = "<group>"; };
		98436895FBE87C47E9606A49 /* Pods-mynativeiosapp.debug.xcconfig */ = {isa = PBXFileReference; includeInIndex = 1; lastKnownFileType = text.xcconfig; name = "Pods-mynativeiosapp.debug.xcconfig"; path = "Target Support Files/Pods-mynativeiosapp/Pods-mynativeiosapp.debug.xcconfig"; sourceTree = "<group>"; };
		F11BCAB8DE04E4E6B60B1A21 /* Pods_mynativeiosapp.framework */ = {isa = PBXFileReference; explicitFileType = wrapper.framework; includeInIndex = 0; path = Pods_mynativeiosapp.framework; sourceTree = BUILT_PRODUCTS_DIR; };
/* End PBXFileReference section */

/* Begin PBXFrameworksBuildPhase section */
		82AB60502C60B69D007D58AD /* Frameworks */ = {
			isa = PBXFrameworksBuildPhase;
			buildActionMask = 2147483647;
			files = (
				507C3B739261B7F0B1390E35 /* Pods_mynativeiosapp.framework in Frameworks */,
				5D8EA88B2DDDE459002C1391 /* iosASAVaultSDK.xcframework in Frameworks */,
			);
			runOnlyForDeploymentPostprocessing = 0;
		};
		82AB60602C60B69E007D58AD /* Frameworks */ = {
			isa = PBXFrameworksBuildPhase;
			buildActionMask = 2147483647;
			files = (
			);
			runOnlyForDeploymentPostprocessing = 0;
		};
		82AB606A2C60B69E007D58AD /* Frameworks */ = {
			isa = PBXFrameworksBuildPhase;
			buildActionMask = 2147483647;
			files = (
			);
			runOnlyForDeploymentPostprocessing = 0;
		};
/* End PBXFrameworksBuildPhase section */

/* Begin PBXGroup section */
		27376CB508F5280988124C7E /* Frameworks */ = {
			isa = PBXGroup;
			children = (
				F11BCAB8DE04E4E6B60B1A21 /* Pods_mynativeiosapp.framework */,
			);
			name = Frameworks;
			sourceTree = "<group>";
		};
		4028D4F69BBBC32D4EEB08BA /* Pods */ = {
			isa = PBXGroup;
			children = (
				98436895FBE87C47E9606A49 /* Pods-mynativeiosapp.debug.xcconfig */,
				8F8980007437821892426858 /* Pods-mynativeiosapp.release.xcconfig */,
			);
			path = Pods;
			sourceTree = "<group>";
		};
		82AB604A2C60B69D007D58AD = {
			isa = PBXGroup;
			children = (
				82AB60552C60B69D007D58AD /* mynativeiosapp */,
				82AB60662C60B69E007D58AD /* mynativeiosappTests */,
				82AB60702C60B69E007D58AD /* mynativeiosappUITests */,
				82AB60542C60B69D007D58AD /* Products */,
				4028D4F69BBBC32D4EEB08BA /* Pods */,
				27376CB508F5280988124C7E /* Frameworks */,
			);
			sourceTree = "<group>";
		};
		82AB60542C60B69D007D58AD /* Products */ = {
			isa = PBXGroup;
			children = (
				82AB60532C60B69D007D58AD /* mynativeiosapp.app */,
				82AB60632C60B69E007D58AD /* mynativeiosappTests.xctest */,
				82AB606D2C60B69E007D58AD /* mynativeiosappUITests.xctest */,
			);
			name = Products;
			sourceTree = "<group>";
		};
		82AB60552C60B69D007D58AD /* mynativeiosapp */ = {
			isa = PBXGroup;
			children = (
				5D8EA8892DDDE44E002C1391 /* iosASAVaultSDK.xcframework */,
				5DD5FE372DA7C24E004E19CD /* mynativeiosapp.entitlements */,
				82AB17612DA563700018939A /* GoogleService-Info.plist */,
				82AB60562C60B69D007D58AD /* mynativeiosappApp.swift */,
				82833D8D2C621AC0007F26A0 /* AppDelegate.swift */,
				82AB60582C60B69D007D58AD /* ContentView.swift */,
				82AB605A2C60B69E007D58AD /* Assets.xcassets */,
				82AB605C2C60B69E007D58AD /* Preview Content */,
			);
			path = mynativeiosapp;
			sourceTree = "<group>";
		};
		82AB605C2C60B69E007D58AD /* Preview Content */ = {
			isa = PBXGroup;
			children = (
				82AB605D2C60B69E007D58AD /* Preview Assets.xcassets */,
			);
			path = "Preview Content";
			sourceTree = "<group>";
		};
		82AB60662C60B69E007D58AD /* mynativeiosappTests */ = {
			isa = PBXGroup;
			children = (
				82AB60672C60B69E007D58AD /* mynativeiosappTests.swift */,
			);
			path = mynativeiosappTests;
			sourceTree = "<group>";
		};
		82AB60702C60B69E007D58AD /* mynativeiosappUITests */ = {
			isa = PBXGroup;
			children = (
				82AB60712C60B69E007D58AD /* mynativeiosappUITests.swift */,
				82AB60732C60B69E007D58AD /* mynativeiosappUITestsLaunchTests.swift */,
			);
			path = mynativeiosappUITests;
			sourceTree = "<group>";
		};
/* End PBXGroup section */

/* Begin PBXNativeTarget section */
		82AB60522C60B69D007D58AD /* mynativeiosapp */ = {
			isa = PBXNativeTarget;
			buildConfigurationList = 82AB60772C60B69E007D58AD /* Build configuration list for PBXNativeTarget "mynativeiosapp" */;
			buildPhases = (
				DB28ABFDA951D6F4B17AABA7 /* [CP] Check Pods Manifest.lock */,
				82AB604F2C60B69D007D58AD /* Sources */,
				82AB60502C60B69D007D58AD /* Frameworks */,
				82AB60512C60B69D007D58AD /* Resources */,
				82AB17532DA54EEB0018939A /* Embed Frameworks */,
				F1A57A8DEFA4535A9776E2B3 /* [CP] Embed Pods Frameworks */,
			);
			buildRules = (
			);
			dependencies = (
			);
			name = mynativeiosapp;
			productName = mynativeiosapp;
			productReference = 82AB60532C60B69D007D58AD /* mynativeiosapp.app */;
			productType = "com.apple.product-type.application";
		};
		82AB60622C60B69E007D58AD /* mynativeiosappTests */ = {
			isa = PBXNativeTarget;
			buildConfigurationList = 82AB607A2C60B69E007D58AD /* Build configuration list for PBXNativeTarget "mynativeiosappTests" */;
			buildPhases = (
				82AB605F2C60B69E007D58AD /* Sources */,
				82AB60602C60B69E007D58AD /* Frameworks */,
				82AB60612C60B69E007D58AD /* Resources */,
			);
			buildRules = (
			);
			dependencies = (
				82AB60652C60B69E007D58AD /* PBXTargetDependency */,
			);
			name = mynativeiosappTests;
			productName = mynativeiosappTests;
			productReference = 82AB60632C60B69E007D58AD /* mynativeiosappTests.xctest */;
			productType = "com.apple.product-type.bundle.unit-test";
		};
		82AB606C2C60B69E007D58AD /* mynativeiosappUITests */ = {
			isa = PBXNativeTarget;
			buildConfigurationList = 82AB607D2C60B69E007D58AD /* Build configuration list for PBXNativeTarget "mynativeiosappUITests" */;
			buildPhases = (
				82AB60692C60B69E007D58AD /* Sources */,
				82AB606A2C60B69E007D58AD /* Frameworks */,
				82AB606B2C60B69E007D58AD /* Resources */,
			);
			buildRules = (
			);
			dependencies = (
				82AB606F2C60B69E007D58AD /* PBXTargetDependency */,
			);
			name = mynativeiosappUITests;
			productName = mynativeiosappUITests;
			productReference = 82AB606D2C60B69E007D58AD /* mynativeiosappUITests.xctest */;
			productType = "com.apple.product-type.bundle.ui-testing";
		};
/* End PBXNativeTarget section */

/* Begin PBXProject section */
		82AB604B2C60B69D007D58AD /* Project object */ = {
			isa = PBXProject;
			attributes = {
				BuildIndependentTargetsInParallel = 1;
				LastSwiftUpdateCheck = 1540;
				LastUpgradeCheck = 1540;
				TargetAttributes = {
					82AB60522C60B69D007D58AD = {
						CreatedOnToolsVersion = 15.4;
					};
					82AB60622C60B69E007D58AD = {
						CreatedOnToolsVersion = 15.4;
						TestTargetID = 82AB60522C60B69D007D58AD;
					};
					82AB606C2C60B69E007D58AD = {
						CreatedOnToolsVersion = 15.4;
						TestTargetID = 82AB60522C60B69D007D58AD;
					};
				};
			};
			buildConfigurationList = 82AB604E2C60B69D007D58AD /* Build configuration list for PBXProject "mynativeiosapp" */;
			compatibilityVersion = "Xcode 14.0";
			developmentRegion = en;
			hasScannedForEncodings = 0;
			knownRegions = (
				en,
				Base,
				de,
				he,
				ar,
				el,
				"zh-Hans",
				ja,
				"zh-Hant-HK",
				uk,
				nb,
				"en-GB",
				es,
				da,
				it,
				sk,
				"es-ES",
				ms,
				sv,
				cs,
				ko,
				"zh-Hant",
				hu,
				tr,
				pl,
				vi,
				ru,
				fr,
				fi,
				id,
				nl,
				th,
				pt,
				zu,
				"pt-PT",
				ro,
				hr,
				hi,
			);
			mainGroup = 82AB604A2C60B69D007D58AD;
			productRefGroup = 82AB60542C60B69D007D58AD /* Products */;
			projectDirPath = "";
			projectRoot = "";
			targets = (
				82AB60522C60B69D007D58AD /* mynativeiosapp */,
				82AB60622C60B69E007D58AD /* mynativeiosappTests */,
				82AB606C2C60B69E007D58AD /* mynativeiosappUITests */,
			);
		};
/* End PBXProject section */

/* Begin PBXResourcesBuildPhase section */
		82AB60512C60B69D007D58AD /* Resources */ = {
			isa = PBXResourcesBuildPhase;
			buildActionMask = 2147483647;
			files = (
				82AB17622DA563700018939A /* GoogleService-Info.plist in Resources */,
				82AB605E2C60B69E007D58AD /* Preview Assets.xcassets in Resources */,
				82AB605B2C60B69E007D58AD /* Assets.xcassets in Resources */,
			);
			runOnlyForDeploymentPostprocessing = 0;
		};
		82AB60612C60B69E007D58AD /* Resources */ = {
			isa = PBXResourcesBuildPhase;
			buildActionMask = 2147483647;
			files = (
			);
			runOnlyForDeploymentPostprocessing = 0;
		};
		82AB606B2C60B69E007D58AD /* Resources */ = {
			isa = PBXResourcesBuildPhase;
			buildActionMask = 2147483647;
			files = (
			);
			runOnlyForDeploymentPostprocessing = 0;
		};
/* End PBXResourcesBuildPhase section */

/* Begin PBXShellScriptBuildPhase section */
		DB28ABFDA951D6F4B17AABA7 /* [CP] Check Pods Manifest.lock */ = {
			isa = PBXShellScriptBuildPhase;
			buildActionMask = 2147483647;
			files = (
			);
			inputFileListPaths = (
			);
			inputPaths = (
				"${PODS_PODFILE_DIR_PATH}/Podfile.lock",
				"${PODS_ROOT}/Manifest.lock",
			);
			name = "[CP] Check Pods Manifest.lock";
			outputFileListPaths = (
			);
			outputPaths = (
				"$(DERIVED_FILE_DIR)/Pods-mynativeiosapp-checkManifestLockResult.txt",
			);
			runOnlyForDeploymentPostprocessing = 0;
			shellPath = /bin/sh;
			shellScript = "diff \"${PODS_PODFILE_DIR_PATH}/Podfile.lock\" \"${PODS_ROOT}/Manifest.lock\" > /dev/null\nif [ $? != 0 ] ; then\n    # print error to STDERR\n    echo \"error: The sandbox is not in sync with the Podfile.lock. Run 'pod install' or update your CocoaPods installation.\" >&2\n    exit 1\nfi\n# This output is used by Xcode 'outputs' to avoid re-running this script phase.\necho \"SUCCESS\" > \"${SCRIPT_OUTPUT_FILE_0}\"\n";
			showEnvVarsInLog = 0;
		};
		F1A57A8DEFA4535A9776E2B3 /* [CP] Embed Pods Frameworks */ = {
			isa = PBXShellScriptBuildPhase;
			buildActionMask = 2147483647;
			files = (
			);
			inputFileListPaths = (
				"${PODS_ROOT}/Target Support Files/Pods-mynativeiosapp/Pods-mynativeiosapp-frameworks-${CONFIGURATION}-input-files.xcfilelist",
			);
			name = "[CP] Embed Pods Frameworks";
			outputFileListPaths = (
				"${PODS_ROOT}/Target Support Files/Pods-mynativeiosapp/Pods-mynativeiosapp-frameworks-${CONFIGURATION}-output-files.xcfilelist",
			);
			runOnlyForDeploymentPostprocessing = 0;
			shellPath = /bin/sh;
			shellScript = "\"${PODS_ROOT}/Target Support Files/Pods-mynativeiosapp/Pods-mynativeiosapp-frameworks.sh\"\n";
			showEnvVarsInLog = 0;
		};
/* End PBXShellScriptBuildPhase section */

/* Begin PBXSourcesBuildPhase section */
		82AB604F2C60B69D007D58AD /* Sources */ = {
			isa = PBXSourcesBuildPhase;
			buildActionMask = 2147483647;
			files = (
				82833D8E2C621AC0007F26A0 /* AppDelegate.swift in Sources */,
				82AB60592C60B69D007D58AD /* ContentView.swift in Sources */,
				82AB60572C60B69D007D58AD /* mynativeiosappApp.swift in Sources */,
			);
			runOnlyForDeploymentPostprocessing = 0;
		};
		82AB605F2C60B69E007D58AD /* Sources */ = {
			isa = PBXSourcesBuildPhase;
			buildActionMask = 2147483647;
			files = (
				82AB60682C60B69E007D58AD /* mynativeiosappTests.swift in Sources */,
			);
			runOnlyForDeploymentPostprocessing = 0;
		};
		82AB60692C60B69E007D58AD /* Sources */ = {
			isa = PBXSourcesBuildPhase;
			buildActionMask = 2147483647;
			files = (
				82AB60722C60B69E007D58AD /* mynativeiosappUITests.swift in Sources */,
				82AB60742C60B69E007D58AD /* mynativeiosappUITestsLaunchTests.swift in Sources */,
			);
			runOnlyForDeploymentPostprocessing = 0;
		};
/* End PBXSourcesBuildPhase section */

/* Begin PBXTargetDependency section */
		82AB60652C60B69E007D58AD /* PBXTargetDependency */ = {
			isa = PBXTargetDependency;
			target = 82AB60522C60B69D007D58AD /* mynativeiosapp */;
			targetProxy = 82AB60642C60B69E007D58AD /* PBXContainerItemProxy */;
		};
		82AB606F2C60B69E007D58AD /* PBXTargetDependency */ = {
			isa = PBXTargetDependency;
			target = 82AB60522C60B69D007D58AD /* mynativeiosapp */;
			targetProxy = 82AB606E2C60B69E007D58AD /* PBXContainerItemProxy */;
		};
/* End PBXTargetDependency section */

/* Begin XCBuildConfiguration section */
		82AB60752C60B69E007D58AD /* Debug */ = {
			isa = XCBuildConfiguration;
			buildSettings = {
				ALWAYS_SEARCH_USER_PATHS = NO;
				ASSETCATALOG_COMPILER_GENERATE_SWIFT_ASSET_SYMBOL_EXTENSIONS = YES;
				CLANG_ANALYZER_NONNULL = YES;
				CLANG_ANALYZER_NUMBER_OBJECT_CONVERSION = YES_AGGRESSIVE;
				CLANG_CXX_LANGUAGE_STANDARD = "gnu++20";
				CLANG_ENABLE_MODULES = YES;
				CLANG_ENABLE_OBJC_ARC = YES;
				CLANG_ENABLE_OBJC_WEAK = YES;
				CLANG_WARN_BLOCK_CAPTURE_AUTORELEASING = YES;
				CLANG_WARN_BOOL_CONVERSION = YES;
				CLANG_WARN_COMMA = YES;
				CLANG_WARN_CONSTANT_CONVERSION = YES;
				CLANG_WARN_DEPRECATED_OBJC_IMPLEMENTATIONS = YES;
				CLANG_WARN_DIRECT_OBJC_ISA_USAGE = YES_ERROR;
				CLANG_WARN_DOCUMENTATION_COMMENTS = YES;
				CLANG_WARN_EMPTY_BODY = YES;
				CLANG_WARN_ENUM_CONVERSION = YES;
				CLANG_WARN_INFINITE_RECURSION = YES;
				CLANG_WARN_INT_CONVERSION = YES;
				CLANG_WARN_NON_LITERAL_NULL_CONVERSION = YES;
				CLANG_WARN_OBJC_IMPLICIT_RETAIN_SELF = YES;
				CLANG_WARN_OBJC_LITERAL_CONVERSION = YES;
				CLANG_WARN_OBJC_ROOT_CLASS = YES_ERROR;
				CLANG_WARN_QUOTED_INCLUDE_IN_FRAMEWORK_HEADER = YES;
				CLANG_WARN_RANGE_LOOP_ANALYSIS = YES;
				CLANG_WARN_STRICT_PROTOTYPES = YES;
				CLANG_WARN_SUSPICIOUS_MOVE = YES;
				CLANG_WARN_UNGUARDED_AVAILABILITY = YES_AGGRESSIVE;
				CLANG_WARN_UNREACHABLE_CODE = YES;
				CLANG_WARN__DUPLICATE_METHOD_MATCH = YES;
				COPY_PHASE_STRIP = NO;
				DEBUG_INFORMATION_FORMAT = dwarf;
				ENABLE_STRICT_OBJC_MSGSEND = YES;
				ENABLE_TESTABILITY = YES;
				ENABLE_USER_SCRIPT_SANDBOXING = NO;
				GCC_C_LANGUAGE_STANDARD = gnu17;
				GCC_DYNAMIC_NO_PIC = NO;
				GCC_NO_COMMON_BLOCKS = YES;
				GCC_OPTIMIZATION_LEVEL = 0;
				GCC_PREPROCESSOR_DEFINITIONS = (
					"DEBUG=1",
					"$(inherited)",
				);
				GCC_WARN_64_TO_32_BIT_CONVERSION = YES;
				GCC_WARN_ABOUT_RETURN_TYPE = YES_ERROR;
				GCC_WARN_UNDECLARED_SELECTOR = YES;
				GCC_WARN_UNINITIALIZED_AUTOS = YES_AGGRESSIVE;
				GCC_WARN_UNUSED_FUNCTION = YES;
				GCC_WARN_UNUSED_VARIABLE = YES;
				IPHONEOS_DEPLOYMENT_TARGET = 15.0;
				LOCALIZATION_PREFERS_STRING_CATALOGS = YES;
				MTL_ENABLE_DEBUG_INFO = INCLUDE_SOURCE;
				MTL_FAST_MATH = YES;
				ONLY_ACTIVE_ARCH = YES;
				SDKROOT = iphoneos;
				SWIFT_ACTIVE_COMPILATION_CONDITIONS = "DEBUG $(inherited)";
				SWIFT_OPTIMIZATION_LEVEL = "-Onone";
			};
			name = Debug;
		};
		82AB60762C60B69E007D58AD /* Release */ = {
			isa = XCBuildConfiguration;
			buildSettings = {
				ALWAYS_SEARCH_USER_PATHS = NO;
				ASSETCATALOG_COMPILER_GENERATE_SWIFT_ASSET_SYMBOL_EXTENSIONS = YES;
				CLANG_ANALYZER_NONNULL = YES;
				CLANG_ANALYZER_NUMBER_OBJECT_CONVERSION = YES_AGGRESSIVE;
				CLANG_CXX_LANGUAGE_STANDARD = "gnu++20";
				CLANG_ENABLE_MODULES = YES;
				CLANG_ENABLE_OBJC_ARC = YES;
				CLANG_ENABLE_OBJC_WEAK = YES;
				CLANG_WARN_BLOCK_CAPTURE_AUTORELEASING = YES;
				CLANG_WARN_BOOL_CONVERSION = YES;
				CLANG_WARN_COMMA = YES;
				CLANG_WARN_CONSTANT_CONVERSION = YES;
				CLANG_WARN_DEPRECATED_OBJC_IMPLEMENTATIONS = YES;
				CLANG_WARN_DIRECT_OBJC_ISA_USAGE = YES_ERROR;
				CLANG_WARN_DOCUMENTATION_COMMENTS = YES;
				CLANG_WARN_EMPTY_BODY = YES;
				CLANG_WARN_ENUM_CONVERSION = YES;
				CLANG_WARN_INFINITE_RECURSION = YES;
				CLANG_WARN_INT_CONVERSION = YES;
				CLANG_WARN_NON_LITERAL_NULL_CONVERSION = YES;
				CLANG_WARN_OBJC_IMPLICIT_RETAIN_SELF = YES;
				CLANG_WARN_OBJC_LITERAL_CONVERSION = YES;
				CLANG_WARN_OBJC_ROOT_CLASS = YES_ERROR;
				CLANG_WARN_QUOTED_INCLUDE_IN_FRAMEWORK_HEADER = YES;
				CLANG_WARN_RANGE_LOOP_ANALYSIS = YES;
				CLANG_WARN_STRICT_PROTOTYPES = YES;
				CLANG_WARN_SUSPICIOUS_MOVE = YES;
				CLANG_WARN_UNGUARDED_AVAILABILITY = YES_AGGRESSIVE;
				CLANG_WARN_UNREACHABLE_CODE = YES;
				CLANG_WARN__DUPLICATE_METHOD_MATCH = YES;
				COPY_PHASE_STRIP = NO;
				DEBUG_INFORMATION_FORMAT = "dwarf-with-dsym";
				ENABLE_NS_ASSERTIONS = NO;
				ENABLE_STRICT_OBJC_MSGSEND = YES;
				ENABLE_USER_SCRIPT_SANDBOXING = NO;
				GCC_C_LANGUAGE_STANDARD = gnu17;
				GCC_NO_COMMON_BLOCKS = YES;
				GCC_WARN_64_TO_32_BIT_CONVERSION = YES;
				GCC_WARN_ABOUT_RETURN_TYPE = YES_ERROR;
				GCC_WARN_UNDECLARED_SELECTOR = YES;
				GCC_WARN_UNINITIALIZED_AUTOS = YES_AGGRESSIVE;
				GCC_WARN_UNUSED_FUNCTION = YES;
				GCC_WARN_UNUSED_VARIABLE = YES;
				IPHONEOS_DEPLOYMENT_TARGET = 15.0;
				LOCALIZATION_PREFERS_STRING_CATALOGS = YES;
				MTL_ENABLE_DEBUG_INFO = NO;
				MTL_FAST_MATH = YES;
				SDKROOT = iphoneos;
				SWIFT_COMPILATION_MODE = wholemodule;
				VALIDATE_PRODUCT = YES;
			};
			name = Release;
		};
		82AB60782C60B69E007D58AD /* Debug */ = {
			isa = XCBuildConfiguration;
			baseConfigurationReference = 98436895FBE87C47E9606A49 /* Pods-mynativeiosapp.debug.xcconfig */;
			buildSettings = {
				ASSETCATALOG_COMPILER_APPICON_NAME = AppIcon;
				ASSETCATALOG_COMPILER_GLOBAL_ACCENT_COLOR_NAME = AccentColor;
				CODE_SIGN_ENTITLEMENTS = mynativeiosapp/mynativeiosapp.entitlements;
				CODE_SIGN_IDENTITY = "Apple Development";
				CODE_SIGN_STYLE = Automatic;
				CURRENT_PROJECT_VERSION = 1;
				DEVELOPMENT_ASSET_PATHS = "\"mynativeiosapp/Preview Content\"";
				DEVELOPMENT_TEAM = 77RK2794S2;
				ENABLE_PREVIEWS = YES;
				FRAMEWORK_SEARCH_PATHS = (
					"$(inherited)",
					"$(PROJECT_DIR)/mynativeiosapp",
				);
				GENERATE_INFOPLIST_FILE = YES;
				INFOPLIST_KEY_NSLocationWhenInUseUsageDescription = "This app needs to get your location...";
				INFOPLIST_KEY_UIApplicationSceneManifest_Generation = YES;
				INFOPLIST_KEY_UIApplicationSupportsIndirectInputEvents = YES;
				INFOPLIST_KEY_UILaunchScreen_Generation = YES;
				INFOPLIST_KEY_UISupportedInterfaceOrientations_iPad = "UIInterfaceOrientationPortrait UIInterfaceOrientationPortraitUpsideDown UIInterfaceOrientationLandscapeLeft UIInterfaceOrientationLandscapeRight";
				INFOPLIST_KEY_UISupportedInterfaceOrientations_iPhone = "UIInterfaceOrientationPortrait UIInterfaceOrientationLandscapeLeft UIInterfaceOrientationLandscapeRight";
				LD_RUNPATH_SEARCH_PATHS = (
					"$(inherited)",
					"@executable_path/Frameworks",
				);
				MARKETING_VERSION = 1.0;
				ONLY_ACTIVE_ARCH = NO;
				PRODUCT_BUNDLE_IDENTIFIER = com.asavault.mynativeiosapp;
				PRODUCT_NAME = "$(TARGET_NAME)";
				PROVISIONING_PROFILE_SPECIFIER = "";
				SWIFT_EMIT_LOC_STRINGS = YES;
				SWIFT_VERSION = 5.0;
				TARGETED_DEVICE_FAMILY = "1,2";
			};
			name = Debug;
		};
		82AB60792C60B69E007D58AD /* Release */ = {
			isa = XCBuildConfiguration;
			baseConfigurationReference = 8F8980007437821892426858 /* Pods-mynativeiosapp.release.xcconfig */;
			buildSettings = {
				ASSETCATALOG_COMPILER_APPICON_NAME = AppIcon;
				ASSETCATALOG_COMPILER_GLOBAL_ACCENT_COLOR_NAME = AccentColor;
				CODE_SIGN_ENTITLEMENTS = mynativeiosapp/mynativeiosapp.entitlements;
				CODE_SIGN_IDENTITY = "Apple Development";
				CODE_SIGN_STYLE = Automatic;
				CURRENT_PROJECT_VERSION = 1;
				DEVELOPMENT_ASSET_PATHS = "\"mynativeiosapp/Preview Content\"";
				DEVELOPMENT_TEAM = 77RK2794S2;
				ENABLE_PREVIEWS = YES;
				FRAMEWORK_SEARCH_PATHS = (
					"$(inherited)",
					"$(PROJECT_DIR)/mynativeiosapp",
				);
				GENERATE_INFOPLIST_FILE = YES;
				INFOPLIST_KEY_NSLocationWhenInUseUsageDescription = "This app needs to get your location...";
				INFOPLIST_KEY_UIApplicationSceneManifest_Generation = YES;
				INFOPLIST_KEY_UIApplicationSupportsIndirectInputEvents = YES;
				INFOPLIST_KEY_UILaunchScreen_Generation = YES;
				INFOPLIST_KEY_UISupportedInterfaceOrientations_iPad = "UIInterfaceOrientationPortrait UIInterfaceOrientationPortraitUpsideDown UIInterfaceOrientationLandscapeLeft UIInterfaceOrientationLandscapeRight";
				INFOPLIST_KEY_UISupportedInterfaceOrientations_iPhone = "UIInterfaceOrientationPortrait UIInterfaceOrientationLandscapeLeft UIInterfaceOrientationLandscapeRight";
				LD_RUNPATH_SEARCH_PATHS = (
					"$(inherited)",
					"@executable_path/Frameworks",
				);
				MARKETING_VERSION = 1.0;
				PRODUCT_BUNDLE_IDENTIFIER = com.asavault.mynativeiosapp;
				PRODUCT_NAME = "$(TARGET_NAME)";
				PROVISIONING_PROFILE_SPECIFIER = "";
				SWIFT_EMIT_LOC_STRINGS = YES;
				SWIFT_VERSION = 5.0;
				TARGETED_DEVICE_FAMILY = "1,2";
			};
			name = Release;
		};
		82AB607B2C60B69E007D58AD /* Debug */ = {
			isa = XCBuildConfiguration;
			buildSettings = {
				ALWAYS_EMBED_SWIFT_STANDARD_LIBRARIES = YES;
				BUNDLE_LOADER = "$(TEST_HOST)";
				CODE_SIGN_STYLE = Manual;
				CURRENT_PROJECT_VERSION = 1;
				DEVELOPMENT_TEAM = "";
				GENERATE_INFOPLIST_FILE = YES;
				IPHONEOS_DEPLOYMENT_TARGET = 17.5;
				MARKETING_VERSION = 1.0;
				PRODUCT_BUNDLE_IDENTIFIER = com.asavault.mynativeiosappTests;
				PRODUCT_NAME = "$(TARGET_NAME)";
				PROVISIONING_PROFILE_SPECIFIER = "";
				SWIFT_EMIT_LOC_STRINGS = NO;
				SWIFT_VERSION = 5.0;
				TARGETED_DEVICE_FAMILY = "1,2";
				TEST_HOST = "$(BUILT_PRODUCTS_DIR)/mynativeiosapp.app/$(BUNDLE_EXECUTABLE_FOLDER_PATH)/mynativeiosapp";
			};
			name = Debug;
		};
		82AB607C2C60B69E007D58AD /* Release */ = {
			isa = XCBuildConfiguration;
			buildSettings = {
				ALWAYS_EMBED_SWIFT_STANDARD_LIBRARIES = YES;
				BUNDLE_LOADER = "$(TEST_HOST)";
				CODE_SIGN_STYLE = Manual;
				CURRENT_PROJECT_VERSION = 1;
				DEVELOPMENT_TEAM = "";
				GENERATE_INFOPLIST_FILE = YES;
				IPHONEOS_DEPLOYMENT_TARGET = 17.5;
				MARKETING_VERSION = 1.0;
				PRODUCT_BUNDLE_IDENTIFIER = com.asavault.mynativeiosappTests;
				PRODUCT_NAME = "$(TARGET_NAME)";
				PROVISIONING_PROFILE_SPECIFIER = "";
				SWIFT_EMIT_LOC_STRINGS = NO;
				SWIFT_VERSION = 5.0;
				TARGETED_DEVICE_FAMILY = "1,2";
				TEST_HOST = "$(BUILT_PRODUCTS_DIR)/mynativeiosapp.app/$(BUNDLE_EXECUTABLE_FOLDER_PATH)/mynativeiosapp";
			};
			name = Release;
		};
		82AB607E2C60B69E007D58AD /* Debug */ = {
			isa = XCBuildConfiguration;
			buildSettings = {
				ALWAYS_EMBED_SWIFT_STANDARD_LIBRARIES = YES;
				CODE_SIGN_STYLE = Manual;
				CURRENT_PROJECT_VERSION = 1;
				DEVELOPMENT_TEAM = "";
				GENERATE_INFOPLIST_FILE = YES;
				MARKETING_VERSION = 1.0;
				PRODUCT_BUNDLE_IDENTIFIER = com.asavault.mynativeiosappUITests;
				PRODUCT_NAME = "$(TARGET_NAME)";
				PROVISIONING_PROFILE_SPECIFIER = "";
				SWIFT_EMIT_LOC_STRINGS = NO;
				SWIFT_VERSION = 5.0;
				TARGETED_DEVICE_FAMILY = "1,2";
				TEST_TARGET_NAME = mynativeiosapp;
			};
			name = Debug;
		};
		82AB607F2C60B69E007D58AD /* Release */ = {
			isa = XCBuildConfiguration;
			buildSettings = {
				ALWAYS_EMBED_SWIFT_STANDARD_LIBRARIES = YES;
				CODE_SIGN_STYLE = Manual;
				CURRENT_PROJECT_VERSION = 1;
				DEVELOPMENT_TEAM = "";
				GENERATE_INFOPLIST_FILE = YES;
				MARKETING_VERSION = 1.0;
				PRODUCT_BUNDLE_IDENTIFIER = com.asavault.mynativeiosappUITests;
				PRODUCT_NAME = "$(TARGET_NAME)";
				PROVISIONING_PROFILE_SPECIFIER = "";
				SWIFT_EMIT_LOC_STRINGS = NO;
				SWIFT_VERSION = 5.0;
				TARGETED_DEVICE_FAMILY = "1,2";
				TEST_TARGET_NAME = mynativeiosapp;
			};
			name = Release;
		};
/* End XCBuildConfiguration section */

/* Begin XCConfigurationList section */
		82AB604E2C60B69D007D58AD /* Build configuration list for PBXProject "mynativeiosapp" */ = {
			isa = XCConfigurationList;
			buildConfigurations = (
				82AB60752C60B69E007D58AD /* Debug */,
				82AB60762C60B69E007D58AD /* Release */,
			);
			defaultConfigurationIsVisible = 0;
			defaultConfigurationName = Release;
		};
		82AB60772C60B69E007D58AD /* Build configuration list for PBXNativeTarget "mynativeiosapp" */ = {
			isa = XCConfigurationList;
			buildConfigurations = (
				82AB60782C60B69E007D58AD /* Debug */,
				82AB60792C60B69E007D58AD /* Release */,
			);
			defaultConfigurationIsVisible = 0;
			defaultConfigurationName = Release;
		};
		82AB607A2C60B69E007D58AD /* Build configuration list for PBXNativeTarget "mynativeiosappTests" */ = {
			isa = XCConfigurationList;
			buildConfigurations = (
				82AB607B2C60B69E007D58AD /* Debug */,
				82AB607C2C60B69E007D58AD /* Release */,
			);
			defaultConfigurationIsVisible = 0;
			defaultConfigurationName = Release;
		};
		82AB607D2C60B69E007D58AD /* Build configuration list for PBXNativeTarget "mynativeiosappUITests" */ = {
			isa = XCConfigurationList;
			buildConfigurations = (
				82AB607E2C60B69E007D58AD /* Debug */,
				82AB607F2C60B69E007D58AD /* Release */,
			);
			defaultConfigurationIsVisible = 0;
			defaultConfigurationName = Release;
		};
/* End XCConfigurationList section */
	};
	rootObject = 82AB604B2C60B69D007D58AD /* Project object */;
}
